
Microsoft Visual Studio Solution File, Format Version 12.00
# Visual Studio 2012
Project("{FAE04EC0-301F-11D3-BF4B-00C04F79EFBC}") = "ConsoleApplication2", "ConsoleApplication2\ConsoleApplication2.csproj", "{C45EA883-AE44-48D9-B978-0785E29621C2}"
EndProject
Project("{FAE04EC0-301F-11D3-BF4B-00C04F79EFBC}") = "UnitTestCrome", "UnitTestCrome\UnitTestCrome.csproj", "{3E4B4C10-24CD-44C3-8A43-C40A33E5A63E}"
EndProject
Global
	GlobalSection(SolutionConfigurationPlatforms) = preSolution
		Debug|Any CPU = Debug|Any CPU
		Release|Any CPU = Release|Any CPU
	EndGlobalSection
	GlobalSection(ProjectConfigurationPlatforms) = postSolution
		{C45EA883-AE44-48D9-B978-0785E29621C2}.Debug|Any CPU.ActiveCfg = Debug|Any CPU
		{C45EA883-AE44-48D9-B978-0785E29621C2}.Debug|Any CPU.Build.0 = Debug|Any CPU
		{C45EA883-AE44-48D9-B978-0785E29621C2}.Release|Any CPU.ActiveCfg = Release|Any CPU
		{C45EA883-AE44-48D9-B978-0785E29621C2}.Release|Any CPU.Build.0 = Release|Any CPU
		{3E4B4C10-24CD-44C3-8A43-C40A33E5A63E}.Debug|Any CPU.ActiveCfg = Debug|Any CPU
		{3E4B4C10-24CD-44C3-8A43-C40A33E5A63E}.Debug|Any CPU.Build.0 = Debug|Any CPU
		{3E4B4C10-24CD-44C3-8A43-C40A33E5A63E}.Release|Any CPU.ActiveCfg = Release|Any CPU
		{3E4B4C10-24CD-44C3-8A43-C40A33E5A63E}.Release|Any CPU.Build.0 = Release|Any CPU
	EndGlobalSection
	GlobalSection(SolutionProperties) = preSolution
		HideSolutionNode = FALSE
	EndGlobalSection
EndGlobal
